// !$*UTF8*$!
{
	archiveVersion = 1;
	classes = {
	};
	objectVersion = 51;
	objects = {

/* Begin PBXBuildFile section */
		05B48BE802B3563441B4501C /* Pods_TravelWise.framework in Frameworks */ = {isa = PBXBuildFile; fileRef = 9EAFB91075A9093C58AACD86 /* Pods_TravelWise.framework */; };
		136FE506284510A400AEADD3 /* SelectCustomCityViewController.swift in Sources */ = {isa = PBXBuildFile; fileRef = 136FE505284510A400AEADD3 /* SelectCustomCityViewController.swift */; };
		136FE50D2848417E00AEADD3 /* TripSuggestionsTableViewCell.swift in Sources */ = {isa = PBXBuildFile; fileRef = 136FE50B2848417E00AEADD3 /* TripSuggestionsTableViewCell.swift */; };
		136FE50E2848417E00AEADD3 /* TripSuggestionsTableViewCell.xib in Resources */ = {isa = PBXBuildFile; fileRef = 136FE50C2848417E00AEADD3 /* TripSuggestionsTableViewCell.xib */; };
		136FE5102848738E00AEADD3 /* CustomTripDetailsViewController.swift in Sources */ = {isa = PBXBuildFile; fileRef = 136FE50F2848738E00AEADD3 /* CustomTripDetailsViewController.swift */; };
		136FE512284873CA00AEADD3 /* CustomTripCategoryDetailsViewController.swift in Sources */ = {isa = PBXBuildFile; fileRef = 136FE511284873CA00AEADD3 /* CustomTripCategoryDetailsViewController.swift */; };
		136FE514284873E600AEADD3 /* PlanItineraryViewController.swift in Sources */ = {isa = PBXBuildFile; fileRef = 136FE513284873E600AEADD3 /* PlanItineraryViewController.swift */; };
		136FE5162848741000AEADD3 /* PlanDetailedDisplayViewController.swift in Sources */ = {isa = PBXBuildFile; fileRef = 136FE5152848741000AEADD3 /* PlanDetailedDisplayViewController.swift */; };
		13826801267BD42B00DF183C /* EditProfileViewController.swift in Sources */ = {isa = PBXBuildFile; fileRef = 13826800267BD42B00DF183C /* EditProfileViewController.swift */; };
		13999C2C2639E9D5000FCF84 /* HomeTableViewCell.swift in Sources */ = {isa = PBXBuildFile; fileRef = 13999C2A2639E9D5000FCF84 /* HomeTableViewCell.swift */; };
		13999C2D2639E9D5000FCF84 /* HomeTableViewCell.xib in Resources */ = {isa = PBXBuildFile; fileRef = 13999C2B2639E9D5000FCF84 /* HomeTableViewCell.xib */; };
		13999C31263AAE80000FCF84 /* ProfileViewController.swift in Sources */ = {isa = PBXBuildFile; fileRef = 13999C30263AAE80000FCF84 /* ProfileViewController.swift */; };
		13C0A3AE266BD137002C6953 /* HomeTrips.swift in Sources */ = {isa = PBXBuildFile; fileRef = 13C0A3AD266BD137002C6953 /* HomeTrips.swift */; };
		8225D2D526481DEA00A9A7CB /* ProfileTableViewCell.swift in Sources */ = {isa = PBXBuildFile; fileRef = 8225D2D326481DEA00A9A7CB /* ProfileTableViewCell.swift */; };
		8225D2D626481DEA00A9A7CB /* ProfileTableViewCell.xib in Resources */ = {isa = PBXBuildFile; fileRef = 8225D2D426481DEA00A9A7CB /* ProfileTableViewCell.xib */; };
		8225D2D8264834A600A9A7CB /* SearchViewController.swift in Sources */ = {isa = PBXBuildFile; fileRef = 8225D2D7264834A500A9A7CB /* SearchViewController.swift */; };
		8225D2DA26483CAD00A9A7CB /* User.swift in Sources */ = {isa = PBXBuildFile; fileRef = 8225D2D926483CAD00A9A7CB /* User.swift */; };
		8225D2DD26483E3600A9A7CB /* PeopleSearchTableViewCell.swift in Sources */ = {isa = PBXBuildFile; fileRef = 8225D2DB26483E3600A9A7CB /* PeopleSearchTableViewCell.swift */; };
		8225D2DE26483E3600A9A7CB /* PeopleSearchTableViewCell.xib in Resources */ = {isa = PBXBuildFile; fileRef = 8225D2DC26483E3600A9A7CB /* PeopleSearchTableViewCell.xib */; };
		8225D2E0264913F500A9A7CB /* SearchProfileViewController.swift in Sources */ = {isa = PBXBuildFile; fileRef = 8225D2DF264913F500A9A7CB /* SearchProfileViewController.swift */; };
		8225D2E226491F3000A9A7CB /* Trip.swift in Sources */ = {isa = PBXBuildFile; fileRef = 8225D2E126491F3000A9A7CB /* Trip.swift */; };
		8225D2E526495BB800A9A7CB /* FollowersFollowingTableViewCell.swift in Sources */ = {isa = PBXBuildFile; fileRef = 8225D2E326495BB800A9A7CB /* FollowersFollowingTableViewCell.swift */; };
		8225D2E626495BB900A9A7CB /* FollowersFollowingTableViewCell.xib in Resources */ = {isa = PBXBuildFile; fileRef = 8225D2E426495BB800A9A7CB /* FollowersFollowingTableViewCell.xib */; };
		8225D2E826495F5500A9A7CB /* FollowersFollowingViewController.swift in Sources */ = {isa = PBXBuildFile; fileRef = 8225D2E726495F5500A9A7CB /* FollowersFollowingViewController.swift */; };
		8225D2EA264A59CB00A9A7CB /* PlacesVisitedViewController.swift in Sources */ = {isa = PBXBuildFile; fileRef = 8225D2E9264A59CA00A9A7CB /* PlacesVisitedViewController.swift */; };
		8225D2EC264A5A3E00A9A7CB /* PlacesListContentViewController.swift in Sources */ = {isa = PBXBuildFile; fileRef = 8225D2EB264A5A3E00A9A7CB /* PlacesListContentViewController.swift */; };
		8225D2EE264A6A0500A9A7CB /* PlaceVisited.swift in Sources */ = {isa = PBXBuildFile; fileRef = 8225D2ED264A6A0500A9A7CB /* PlaceVisited.swift */; };
		823315F7267AA955006A612F /* EndTripViewController.swift in Sources */ = {isa = PBXBuildFile; fileRef = 823315F6267AA955006A612F /* EndTripViewController.swift */; };
		823A743E26328FA500D22753 /* MapViewController.swift in Sources */ = {isa = PBXBuildFile; fileRef = 823A743D26328FA500D22753 /* MapViewController.swift */; };
		823A74412632916A00D22753 /* ContentViewController.swift in Sources */ = {isa = PBXBuildFile; fileRef = 823A74402632916A00D22753 /* ContentViewController.swift */; };
		823A74452632BE2E00D22753 /* DayTableViewCell.swift in Sources */ = {isa = PBXBuildFile; fileRef = 823A74432632BE2E00D22753 /* DayTableViewCell.swift */; };
		823A74462632BE2E00D22753 /* DayTableViewCell.xib in Resources */ = {isa = PBXBuildFile; fileRef = 823A74442632BE2E00D22753 /* DayTableViewCell.xib */; };
		8267D973264D65C600CEC91A /* EditExperienceViewController.swift in Sources */ = {isa = PBXBuildFile; fileRef = 8267D972264D65C600CEC91A /* EditExperienceViewController.swift */; };
		82A6913C262306B5002731C6 /* AppDelegate.swift in Sources */ = {isa = PBXBuildFile; fileRef = 82A6913B262306B5002731C6 /* AppDelegate.swift */; };
		82A6913E262306B5002731C6 /* SceneDelegate.swift in Sources */ = {isa = PBXBuildFile; fileRef = 82A6913D262306B5002731C6 /* SceneDelegate.swift */; };
		82A69143262306B5002731C6 /* Main.storyboard in Resources */ = {isa = PBXBuildFile; fileRef = 82A69141262306B5002731C6 /* Main.storyboard */; };
		82A69145262306B7002731C6 /* Assets.xcassets in Resources */ = {isa = PBXBuildFile; fileRef = 82A69144262306B7002731C6 /* Assets.xcassets */; };
		82A69148262306B7002731C6 /* LaunchScreen.storyboard in Resources */ = {isa = PBXBuildFile; fileRef = 82A69146262306B7002731C6 /* LaunchScreen.storyboard */; };
		82A6915126230748002731C6 /* LoginViewController.swift in Sources */ = {isa = PBXBuildFile; fileRef = 82A6915026230748002731C6 /* LoginViewController.swift */; };
		82A691682623129D002731C6 /* GoogleService-Info.plist in Resources */ = {isa = PBXBuildFile; fileRef = 82A691672623129D002731C6 /* GoogleService-Info.plist */; };
		82A6916C26236676002731C6 /* RegisterViewController.swift in Sources */ = {isa = PBXBuildFile; fileRef = 82A6916B26236676002731C6 /* RegisterViewController.swift */; };
		82A6916F26243078002731C6 /* RegistrationDetailsViewController.swift in Sources */ = {isa = PBXBuildFile; fileRef = 82A6916E26243078002731C6 /* RegistrationDetailsViewController.swift */; };
		82DCA9392626DBA400CD8D7F /* StartTripViewController.swift in Sources */ = {isa = PBXBuildFile; fileRef = 82DCA9382626DBA400CD8D7F /* StartTripViewController.swift */; };
		82DCA94E2626DCF800CD8D7F /* TripViewController.swift in Sources */ = {isa = PBXBuildFile; fileRef = 82DCA94D2626DCF800CD8D7F /* TripViewController.swift */; };
		82DCA969262863B300CD8D7F /* HomeViewController.swift in Sources */ = {isa = PBXBuildFile; fileRef = 82DCA968262863B300CD8D7F /* HomeViewController.swift */; };
		82F5E5A5264AC45A0010F017 /* PlaceVisitedTableViewCell.swift in Sources */ = {isa = PBXBuildFile; fileRef = 82F5E5A3264AC45A0010F017 /* PlaceVisitedTableViewCell.swift */; };
		82F5E5A6264AC45A0010F017 /* PlaceVisitedTableViewCell.xib in Resources */ = {isa = PBXBuildFile; fileRef = 82F5E5A4264AC45A0010F017 /* PlaceVisitedTableViewCell.xib */; };
		82F5E5A8264AE0050010F017 /* PlaceExperienceViewController.swift in Sources */ = {isa = PBXBuildFile; fileRef = 82F5E5A7264AE0050010F017 /* PlaceExperienceViewController.swift */; };
/* End PBXBuildFile section */

/* Begin PBXFileReference section */
		136FE505284510A400AEADD3 /* SelectCustomCityViewController.swift */ = {isa = PBXFileReference; lastKnownFileType = sourcecode.swift; path = SelectCustomCityViewController.swift; sourceTree = "<group>"; };
		136FE50B2848417E00AEADD3 /* TripSuggestionsTableViewCell.swift */ = {isa = PBXFileReference; lastKnownFileType = sourcecode.swift; path = TripSuggestionsTableViewCell.swift; sourceTree = "<group>"; };
		136FE50C2848417E00AEADD3 /* TripSuggestionsTableViewCell.xib */ = {isa = PBXFileReference; lastKnownFileType = file.xib; path = TripSuggestionsTableViewCell.xib; sourceTree = "<group>"; };
		136FE50F2848738E00AEADD3 /* CustomTripDetailsViewController.swift */ = {isa = PBXFileReference; lastKnownFileType = sourcecode.swift; path = CustomTripDetailsViewController.swift; sourceTree = "<group>"; };
		136FE511284873CA00AEADD3 /* CustomTripCategoryDetailsViewController.swift */ = {isa = PBXFileReference; lastKnownFileType = sourcecode.swift; path = CustomTripCategoryDetailsViewController.swift; sourceTree = "<group>"; };
		136FE513284873E600AEADD3 /* PlanItineraryViewController.swift */ = {isa = PBXFileReference; lastKnownFileType = sourcecode.swift; path = PlanItineraryViewController.swift; sourceTree = "<group>"; };
		136FE5152848741000AEADD3 /* PlanDetailedDisplayViewController.swift */ = {isa = PBXFileReference; lastKnownFileType = sourcecode.swift; path = PlanDetailedDisplayViewController.swift; sourceTree = "<group>"; };
		13826800267BD42B00DF183C /* EditProfileViewController.swift */ = {isa = PBXFileReference; lastKnownFileType = sourcecode.swift; path = EditProfileViewController.swift; sourceTree = "<group>"; };
		13999C2A2639E9D5000FCF84 /* HomeTableViewCell.swift */ = {isa = PBXFileReference; lastKnownFileType = sourcecode.swift; path = HomeTableViewCell.swift; sourceTree = "<group>"; };
		13999C2B2639E9D5000FCF84 /* HomeTableViewCell.xib */ = {isa = PBXFileReference; lastKnownFileType = file.xib; path = HomeTableViewCell.xib; sourceTree = "<group>"; };
		13999C30263AAE80000FCF84 /* ProfileViewController.swift */ = {isa = PBXFileReference; lastKnownFileType = sourcecode.swift; path = ProfileViewController.swift; sourceTree = "<group>"; };
		13C0A3AD266BD137002C6953 /* HomeTrips.swift */ = {isa = PBXFileReference; lastKnownFileType = sourcecode.swift; path = HomeTrips.swift; sourceTree = "<group>"; };
		8225D2D326481DEA00A9A7CB /* ProfileTableViewCell.swift */ = {isa = PBXFileReference; lastKnownFileType = sourcecode.swift; path = ProfileTableViewCell.swift; sourceTree = "<group>"; };
		8225D2D426481DEA00A9A7CB /* ProfileTableViewCell.xib */ = {isa = PBXFileReference; lastKnownFileType = file.xib; path = ProfileTableViewCell.xib; sourceTree = "<group>"; };
		8225D2D7264834A500A9A7CB /* SearchViewController.swift */ = {isa = PBXFileReference; lastKnownFileType = sourcecode.swift; path = SearchViewController.swift; sourceTree = "<group>"; };
		8225D2D926483CAD00A9A7CB /* User.swift */ = {isa = PBXFileReference; lastKnownFileType = sourcecode.swift; path = User.swift; sourceTree = "<group>"; };
		8225D2DB26483E3600A9A7CB /* PeopleSearchTableViewCell.swift */ = {isa = PBXFileReference; lastKnownFileType = sourcecode.swift; path = PeopleSearchTableViewCell.swift; sourceTree = "<group>"; };
		8225D2DC26483E3600A9A7CB /* PeopleSearchTableViewCell.xib */ = {isa = PBXFileReference; lastKnownFileType = file.xib; path = PeopleSearchTableViewCell.xib; sourceTree = "<group>"; };
		8225D2DF264913F500A9A7CB /* SearchProfileViewController.swift */ = {isa = PBXFileReference; lastKnownFileType = sourcecode.swift; path = SearchProfileViewController.swift; sourceTree = "<group>"; };
		8225D2E126491F3000A9A7CB /* Trip.swift */ = {isa = PBXFileReference; lastKnownFileType = sourcecode.swift; path = Trip.swift; sourceTree = "<group>"; };
		8225D2E326495BB800A9A7CB /* FollowersFollowingTableViewCell.swift */ = {isa = PBXFileReference; lastKnownFileType = sourcecode.swift; path = FollowersFollowingTableViewCell.swift; sourceTree = "<group>"; };
		8225D2E426495BB800A9A7CB /* FollowersFollowingTableViewCell.xib */ = {isa = PBXFileReference; lastKnownFileType = file.xib; path = FollowersFollowingTableViewCell.xib; sourceTree = "<group>"; };
		8225D2E726495F5500A9A7CB /* FollowersFollowingViewController.swift */ = {isa = PBXFileReference; lastKnownFileType = sourcecode.swift; path = FollowersFollowingViewController.swift; sourceTree = "<group>"; };
		8225D2E9264A59CA00A9A7CB /* PlacesVisitedViewController.swift */ = {isa = PBXFileReference; lastKnownFileType = sourcecode.swift; path = PlacesVisitedViewController.swift; sourceTree = "<group>"; };
		8225D2EB264A5A3E00A9A7CB /* PlacesListContentViewController.swift */ = {isa = PBXFileReference; lastKnownFileType = sourcecode.swift; path = PlacesListContentViewController.swift; sourceTree = "<group>"; };
		8225D2ED264A6A0500A9A7CB /* PlaceVisited.swift */ = {isa = PBXFileReference; lastKnownFileType = sourcecode.swift; path = PlaceVisited.swift; sourceTree = "<group>"; };
		823315F6267AA955006A612F /* EndTripViewController.swift */ = {isa = PBXFileReference; lastKnownFileType = sourcecode.swift; path = EndTripViewController.swift; sourceTree = "<group>"; };
		823A743D26328FA500D22753 /* MapViewController.swift */ = {isa = PBXFileReference; lastKnownFileType = sourcecode.swift; path = MapViewController.swift; sourceTree = "<group>"; };
		823A74402632916A00D22753 /* ContentViewController.swift */ = {isa = PBXFileReference; lastKnownFileType = sourcecode.swift; path = ContentViewController.swift; sourceTree = "<group>"; };
		823A74432632BE2E00D22753 /* DayTableViewCell.swift */ = {isa = PBXFileReference; lastKnownFileType = sourcecode.swift; path = DayTableViewCell.swift; sourceTree = "<group>"; };
		823A74442632BE2E00D22753 /* DayTableViewCell.xib */ = {isa = PBXFileReference; lastKnownFileType = file.xib; path = DayTableViewCell.xib; sourceTree = "<group>"; };
		8267D972264D65C600CEC91A /* EditExperienceViewController.swift */ = {isa = PBXFileReference; lastKnownFileType = sourcecode.swift; path = EditExperienceViewController.swift; sourceTree = "<group>"; };
		82A69138262306B5002731C6 /* TravelWise.app */ = {isa = PBXFileReference; explicitFileType = wrapper.application; includeInIndex = 0; path = TravelWise.app; sourceTree = BUILT_PRODUCTS_DIR; };
		82A6913B262306B5002731C6 /* AppDelegate.swift */ = {isa = PBXFileReference; lastKnownFileType = sourcecode.swift; path = AppDelegate.swift; sourceTree = "<group>"; };
		82A6913D262306B5002731C6 /* SceneDelegate.swift */ = {isa = PBXFileReference; lastKnownFileType = sourcecode.swift; path = SceneDelegate.swift; sourceTree = "<group>"; };
		82A69142262306B5002731C6 /* Base */ = {isa = PBXFileReference; lastKnownFileType = file.storyboard; name = Base; path = Base.lproj/Main.storyboard; sourceTree = "<group>"; };
		82A69144262306B7002731C6 /* Assets.xcassets */ = {isa = PBXFileReference; lastKnownFileType = folder.assetcatalog; path = Assets.xcassets; sourceTree = "<group>"; };
		82A69147262306B7002731C6 /* Base */ = {isa = PBXFileReference; lastKnownFileType = file.storyboard; name = Base; path = Base.lproj/LaunchScreen.storyboard; sourceTree = "<group>"; };
		82A69149262306B7002731C6 /* Info.plist */ = {isa = PBXFileReference; lastKnownFileType = text.plist.xml; path = Info.plist; sourceTree = "<group>"; };
		82A6915026230748002731C6 /* LoginViewController.swift */ = {isa = PBXFileReference; lastKnownFileType = sourcecode.swift; path = LoginViewController.swift; sourceTree = "<group>"; };
		82A691672623129D002731C6 /* GoogleService-Info.plist */ = {isa = PBXFileReference; fileEncoding = 4; lastKnownFileType = text.plist.xml; path = "GoogleService-Info.plist"; sourceTree = "<group>"; };
		82A6916B26236676002731C6 /* RegisterViewController.swift */ = {isa = PBXFileReference; lastKnownFileType = sourcecode.swift; path = RegisterViewController.swift; sourceTree = "<group>"; };
		82A6916E26243078002731C6 /* RegistrationDetailsViewController.swift */ = {isa = PBXFileReference; lastKnownFileType = sourcecode.swift; path = RegistrationDetailsViewController.swift; sourceTree = "<group>"; };
		82DCA9382626DBA400CD8D7F /* StartTripViewController.swift */ = {isa = PBXFileReference; lastKnownFileType = sourcecode.swift; path = StartTripViewController.swift; sourceTree = "<group>"; };
		82DCA94D2626DCF800CD8D7F /* TripViewController.swift */ = {isa = PBXFileReference; lastKnownFileType = sourcecode.swift; path = TripViewController.swift; sourceTree = "<group>"; };
		82DCA968262863B300CD8D7F /* HomeViewController.swift */ = {isa = PBXFileReference; lastKnownFileType = sourcecode.swift; path = HomeViewController.swift; sourceTree = "<group>"; };
		82F5E5A3264AC45A0010F017 /* PlaceVisitedTableViewCell.swift */ = {isa = PBXFileReference; lastKnownFileType = sourcecode.swift; path = PlaceVisitedTableViewCell.swift; sourceTree = "<group>"; };
		82F5E5A4264AC45A0010F017 /* PlaceVisitedTableViewCell.xib */ = {isa = PBXFileReference; lastKnownFileType = file.xib; path = PlaceVisitedTableViewCell.xib; sourceTree = "<group>"; };
		82F5E5A7264AE0050010F017 /* PlaceExperienceViewController.swift */ = {isa = PBXFileReference; lastKnownFileType = sourcecode.swift; path = PlaceExperienceViewController.swift; sourceTree = "<group>"; };
		83357BB699C047E184DE3516 /* Pods-TravelWise.release.xcconfig */ = {isa = PBXFileReference; includeInIndex = 1; lastKnownFileType = text.xcconfig; name = "Pods-TravelWise.release.xcconfig"; path = "Target Support Files/Pods-TravelWise/Pods-TravelWise.release.xcconfig"; sourceTree = "<group>"; };
		9EAFB91075A9093C58AACD86 /* Pods_TravelWise.framework */ = {isa = PBXFileReference; explicitFileType = wrapper.framework; includeInIndex = 0; path = Pods_TravelWise.framework; sourceTree = BUILT_PRODUCTS_DIR; };
		C875684EC4F25B216460F080 /* Pods-TravelWise.debug.xcconfig */ = {isa = PBXFileReference; includeInIndex = 1; lastKnownFileType = text.xcconfig; name = "Pods-TravelWise.debug.xcconfig"; path = "Target Support Files/Pods-TravelWise/Pods-TravelWise.debug.xcconfig"; sourceTree = "<group>"; };
/* End PBXFileReference section */

/* Begin PBXFrameworksBuildPhase section */
		82A69135262306B5002731C6 /* Frameworks */ = {
			isa = PBXFrameworksBuildPhase;
			buildActionMask = 2147483647;
			files = (
				05B48BE802B3563441B4501C /* Pods_TravelWise.framework in Frameworks */,
			);
			runOnlyForDeploymentPostprocessing = 0;
		};
/* End PBXFrameworksBuildPhase section */

/* Begin PBXGroup section */
		1371AD51269B7DDA00271D4E /* Views */ = {
			isa = PBXGroup;
			children = (
				82F5E5AB264BC5210010F017 /* Table View Cells */,
				82A69141262306B5002731C6 /* Main.storyboard */,
			);
			path = Views;
			sourceTree = "<group>";
		};
		5608446EA03750EECE31DC84 /* Pods */ = {
			isa = PBXGroup;
			children = (
				C875684EC4F25B216460F080 /* Pods-TravelWise.debug.xcconfig */,
				83357BB699C047E184DE3516 /* Pods-TravelWise.release.xcconfig */,
			);
			path = Pods;
			sourceTree = "<group>";
		};
		82A6912F262306B5002731C6 = {
			isa = PBXGroup;
			children = (
				82A6913A262306B5002731C6 /* TravelWise */,
				82A69139262306B5002731C6 /* Products */,
				5608446EA03750EECE31DC84 /* Pods */,
				8C031D9A29CD50BEE144A52A /* Frameworks */,
			);
			sourceTree = "<group>";
		};
		82A69139262306B5002731C6 /* Products */ = {
			isa = PBXGroup;
			children = (
				82A69138262306B5002731C6 /* TravelWise.app */,
			);
			name = Products;
			sourceTree = "<group>";
		};
		82A6913A262306B5002731C6 /* TravelWise */ = {
			isa = PBXGroup;
			children = (
				82F5E5A9264BC4800010F017 /* Modals */,
				82F5E5AA264BC4EC0010F017 /* Controllers */,
				1371AD51269B7DDA00271D4E /* Views */,
				82A69144262306B7002731C6 /* Assets.xcassets */,
				82A6913B262306B5002731C6 /* AppDelegate.swift */,
				82A6913D262306B5002731C6 /* SceneDelegate.swift */,
				82A69146262306B7002731C6 /* LaunchScreen.storyboard */,
				82A69149262306B7002731C6 /* Info.plist */,
				82A691672623129D002731C6 /* GoogleService-Info.plist */,
			);
			path = TravelWise;
			sourceTree = "<group>";
		};
		82F5E5A9264BC4800010F017 /* Modals */ = {
			isa = PBXGroup;
			children = (
				8225D2D926483CAD00A9A7CB /* User.swift */,
				8225D2ED264A6A0500A9A7CB /* PlaceVisited.swift */,
				8225D2E126491F3000A9A7CB /* Trip.swift */,
				13C0A3AD266BD137002C6953 /* HomeTrips.swift */,
			);
			path = Modals;
			sourceTree = "<group>";
		};
		82F5E5AA264BC4EC0010F017 /* Controllers */ = {
			isa = PBXGroup;
			children = (
				82A6915026230748002731C6 /* LoginViewController.swift */,
				82A6916B26236676002731C6 /* RegisterViewController.swift */,
				82A6916E26243078002731C6 /* RegistrationDetailsViewController.swift */,
				82DCA9382626DBA400CD8D7F /* StartTripViewController.swift */,
				82DCA94D2626DCF800CD8D7F /* TripViewController.swift */,
				82DCA968262863B300CD8D7F /* HomeViewController.swift */,
				823A743D26328FA500D22753 /* MapViewController.swift */,
				823A74402632916A00D22753 /* ContentViewController.swift */,
				13999C30263AAE80000FCF84 /* ProfileViewController.swift */,
				8225D2D7264834A500A9A7CB /* SearchViewController.swift */,
				8225D2DF264913F500A9A7CB /* SearchProfileViewController.swift */,
				8225D2E726495F5500A9A7CB /* FollowersFollowingViewController.swift */,
				8225D2E9264A59CA00A9A7CB /* PlacesVisitedViewController.swift */,
				8225D2EB264A5A3E00A9A7CB /* PlacesListContentViewController.swift */,
				82F5E5A7264AE0050010F017 /* PlaceExperienceViewController.swift */,
				8267D972264D65C600CEC91A /* EditExperienceViewController.swift */,
				823315F6267AA955006A612F /* EndTripViewController.swift */,
				13826800267BD42B00DF183C /* EditProfileViewController.swift */,
				136FE505284510A400AEADD3 /* SelectCustomCityViewController.swift */,
				136FE50F2848738E00AEADD3 /* CustomTripDetailsViewController.swift */,
				136FE511284873CA00AEADD3 /* CustomTripCategoryDetailsViewController.swift */,
				136FE513284873E600AEADD3 /* PlanItineraryViewController.swift */,
				136FE5152848741000AEADD3 /* PlanDetailedDisplayViewController.swift */,
			);
			path = Controllers;
			sourceTree = "<group>";
		};
		82F5E5AB264BC5210010F017 /* Table View Cells */ = {
			isa = PBXGroup;
			children = (
				823A74432632BE2E00D22753 /* DayTableViewCell.swift */,
				823A74442632BE2E00D22753 /* DayTableViewCell.xib */,
				13999C2A2639E9D5000FCF84 /* HomeTableViewCell.swift */,
				13999C2B2639E9D5000FCF84 /* HomeTableViewCell.xib */,
				8225D2D326481DEA00A9A7CB /* ProfileTableViewCell.swift */,
				8225D2D426481DEA00A9A7CB /* ProfileTableViewCell.xib */,
				8225D2DB26483E3600A9A7CB /* PeopleSearchTableViewCell.swift */,
				8225D2DC26483E3600A9A7CB /* PeopleSearchTableViewCell.xib */,
				8225D2E326495BB800A9A7CB /* FollowersFollowingTableViewCell.swift */,
				8225D2E426495BB800A9A7CB /* FollowersFollowingTableViewCell.xib */,
				82F5E5A3264AC45A0010F017 /* PlaceVisitedTableViewCell.swift */,
				82F5E5A4264AC45A0010F017 /* PlaceVisitedTableViewCell.xib */,
				136FE50B2848417E00AEADD3 /* TripSuggestionsTableViewCell.swift */,
				136FE50C2848417E00AEADD3 /* TripSuggestionsTableViewCell.xib */,
			);
			path = "Table View Cells";
			sourceTree = "<group>";
		};
		8C031D9A29CD50BEE144A52A /* Frameworks */ = {
			isa = PBXGroup;
			children = (
				9EAFB91075A9093C58AACD86 /* Pods_TravelWise.framework */,
			);
			name = Frameworks;
			sourceTree = "<group>";
		};
/* End PBXGroup section */

/* Begin PBXNativeTarget section */
		82A69137262306B5002731C6 /* TravelWise */ = {
			isa = PBXNativeTarget;
			buildConfigurationList = 82A6914C262306B7002731C6 /* Build configuration list for PBXNativeTarget "TravelWise" */;
			buildPhases = (
				F50ACFCB6DCBA85D133C3C7A /* [CP] Check Pods Manifest.lock */,
				82A69134262306B5002731C6 /* Sources */,
				82A69135262306B5002731C6 /* Frameworks */,
				82A69136262306B5002731C6 /* Resources */,
				CC740714FDBE18A8664ADBCC /* [CP] Embed Pods Frameworks */,
			);
			buildRules = (
			);
			dependencies = (
			);
			name = TravelWise;
			productName = TravelWise;
			productReference = 82A69138262306B5002731C6 /* TravelWise.app */;
			productType = "com.apple.product-type.application";
		};
/* End PBXNativeTarget section */

/* Begin PBXProject section */
		82A69130262306B5002731C6 /* Project object */ = {
			isa = PBXProject;
			attributes = {
				LastSwiftUpdateCheck = 1240;
				LastUpgradeCheck = 1240;
				TargetAttributes = {
					82A69137262306B5002731C6 = {
						CreatedOnToolsVersion = 12.4;
					};
				};
			};
			buildConfigurationList = 82A69133262306B5002731C6 /* Build configuration list for PBXProject "TravelWise" */;
			compatibilityVersion = "Xcode 9.3";
			developmentRegion = en;
			hasScannedForEncodings = 0;
			knownRegions = (
				en,
				Base,
			);
			mainGroup = 82A6912F262306B5002731C6;
			productRefGroup = 82A69139262306B5002731C6 /* Products */;
			projectDirPath = "";
			projectRoot = "";
			targets = (
				82A69137262306B5002731C6 /* TravelWise */,
			);
		};
/* End PBXProject section */

/* Begin PBXResourcesBuildPhase section */
		82A69136262306B5002731C6 /* Resources */ = {
			isa = PBXResourcesBuildPhase;
			buildActionMask = 2147483647;
			files = (
				82A69148262306B7002731C6 /* LaunchScreen.storyboard in Resources */,
				82A69145262306B7002731C6 /* Assets.xcassets in Resources */,
				8225D2E626495BB900A9A7CB /* FollowersFollowingTableViewCell.xib in Resources */,
				13999C2D2639E9D5000FCF84 /* HomeTableViewCell.xib in Resources */,
				82F5E5A6264AC45A0010F017 /* PlaceVisitedTableViewCell.xib in Resources */,
				136FE50E2848417E00AEADD3 /* TripSuggestionsTableViewCell.xib in Resources */,
				8225D2D626481DEA00A9A7CB /* ProfileTableViewCell.xib in Resources */,
				8225D2DE26483E3600A9A7CB /* PeopleSearchTableViewCell.xib in Resources */,
				82A691682623129D002731C6 /* GoogleService-Info.plist in Resources */,
				823A74462632BE2E00D22753 /* DayTableViewCell.xib in Resources */,
				82A69143262306B5002731C6 /* Main.storyboard in Resources */,
			);
			runOnlyForDeploymentPostprocessing = 0;
		};
/* End PBXResourcesBuildPhase section */

/* Begin PBXShellScriptBuildPhase section */
		CC740714FDBE18A8664ADBCC /* [CP] Embed Pods Frameworks */ = {
			isa = PBXShellScriptBuildPhase;
			buildActionMask = 2147483647;
			files = (
			);
			inputFileListPaths = (
				"${PODS_ROOT}/Target Support Files/Pods-TravelWise/Pods-TravelWise-frameworks-${CONFIGURATION}-input-files.xcfilelist",
			);
			name = "[CP] Embed Pods Frameworks";
			outputFileListPaths = (
				"${PODS_ROOT}/Target Support Files/Pods-TravelWise/Pods-TravelWise-frameworks-${CONFIGURATION}-output-files.xcfilelist",
			);
			runOnlyForDeploymentPostprocessing = 0;
			shellPath = /bin/sh;
			shellScript = "\"${PODS_ROOT}/Target Support Files/Pods-TravelWise/Pods-TravelWise-frameworks.sh\"\n";
			showEnvVarsInLog = 0;
		};
		F50ACFCB6DCBA85D133C3C7A /* [CP] Check Pods Manifest.lock */ = {
			isa = PBXShellScriptBuildPhase;
			buildActionMask = 2147483647;
			files = (
			);
			inputFileListPaths = (
			);
			inputPaths = (
				"${PODS_PODFILE_DIR_PATH}/Podfile.lock",
				"${PODS_ROOT}/Manifest.lock",
			);
			name = "[CP] Check Pods Manifest.lock";
			outputFileListPaths = (
			);
			outputPaths = (
				"$(DERIVED_FILE_DIR)/Pods-TravelWise-checkManifestLockResult.txt",
			);
			runOnlyForDeploymentPostprocessing = 0;
			shellPath = /bin/sh;
			shellScript = "diff \"${PODS_PODFILE_DIR_PATH}/Podfile.lock\" \"${PODS_ROOT}/Manifest.lock\" > /dev/null\nif [ $? != 0 ] ; then\n    # print error to STDERR\n    echo \"error: The sandbox is not in sync with the Podfile.lock. Run 'pod install' or update your CocoaPods installation.\" >&2\n    exit 1\nfi\n# This output is used by Xcode 'outputs' to avoid re-running this script phase.\necho \"SUCCESS\" > \"${SCRIPT_OUTPUT_FILE_0}\"\n";
			showEnvVarsInLog = 0;
		};
/* End PBXShellScriptBuildPhase section */

/* Begin PBXSourcesBuildPhase section */
		82A69134262306B5002731C6 /* Sources */ = {
			isa = PBXSourcesBuildPhase;
			buildActionMask = 2147483647;
			files = (
				82F5E5A5264AC45A0010F017 /* PlaceVisitedTableViewCell.swift in Sources */,
				82F5E5A8264AE0050010F017 /* PlaceExperienceViewController.swift in Sources */,
				136FE50D2848417E00AEADD3 /* TripSuggestionsTableViewCell.swift in Sources */,
				8225D2EA264A59CB00A9A7CB /* PlacesVisitedViewController.swift in Sources */,
				8225D2E226491F3000A9A7CB /* Trip.swift in Sources */,
				13826801267BD42B00DF183C /* EditProfileViewController.swift in Sources */,
				136FE5102848738E00AEADD3 /* CustomTripDetailsViewController.swift in Sources */,
				82DCA94E2626DCF800CD8D7F /* TripViewController.swift in Sources */,
				136FE506284510A400AEADD3 /* SelectCustomCityViewController.swift in Sources */,
				82A6916C26236676002731C6 /* RegisterViewController.swift in Sources */,
				8225D2D526481DEA00A9A7CB /* ProfileTableViewCell.swift in Sources */,
				823A743E26328FA500D22753 /* MapViewController.swift in Sources */,
				13999C31263AAE80000FCF84 /* ProfileViewController.swift in Sources */,
				136FE512284873CA00AEADD3 /* CustomTripCategoryDetailsViewController.swift in Sources */,
				8225D2E526495BB800A9A7CB /* FollowersFollowingTableViewCell.swift in Sources */,
				13C0A3AE266BD137002C6953 /* HomeTrips.swift in Sources */,
				8225D2DD26483E3600A9A7CB /* PeopleSearchTableViewCell.swift in Sources */,
				82A6916F26243078002731C6 /* RegistrationDetailsViewController.swift in Sources */,
				8225D2DA26483CAD00A9A7CB /* User.swift in Sources */,
				82DCA9392626DBA400CD8D7F /* StartTripViewController.swift in Sources */,
				8225D2E826495F5500A9A7CB /* FollowersFollowingViewController.swift in Sources */,
				823315F7267AA955006A612F /* EndTripViewController.swift in Sources */,
				82DCA969262863B300CD8D7F /* HomeViewController.swift in Sources */,
				8225D2EE264A6A0500A9A7CB /* PlaceVisited.swift in Sources */,
				8267D973264D65C600CEC91A /* EditExperienceViewController.swift in Sources */,
				82A6913C262306B5002731C6 /* AppDelegate.swift in Sources */,
				8225D2D8264834A600A9A7CB /* SearchViewController.swift in Sources */,
				823A74412632916A00D22753 /* ContentViewController.swift in Sources */,
				13999C2C2639E9D5000FCF84 /* HomeTableViewCell.swift in Sources */,
				136FE514284873E600AEADD3 /* PlanItineraryViewController.swift in Sources */,
				136FE5162848741000AEADD3 /* PlanDetailedDisplayViewController.swift in Sources */,
				82A6913E262306B5002731C6 /* SceneDelegate.swift in Sources */,
				823A74452632BE2E00D22753 /* DayTableViewCell.swift in Sources */,
				8225D2E0264913F500A9A7CB /* SearchProfileViewController.swift in Sources */,
				8225D2EC264A5A3E00A9A7CB /* PlacesListContentViewController.swift in Sources */,
				82A6915126230748002731C6 /* LoginViewController.swift in Sources */,
			);
			runOnlyForDeploymentPostprocessing = 0;
		};
/* End PBXSourcesBuildPhase section */

/* Begin PBXVariantGroup section */
		82A69141262306B5002731C6 /* Main.storyboard */ = {
			isa = PBXVariantGroup;
			children = (
				82A69142262306B5002731C6 /* Base */,
			);
			name = Main.storyboard;
			sourceTree = "<group>";
		};
		82A69146262306B7002731C6 /* LaunchScreen.storyboard */ = {
			isa = PBXVariantGroup;
			children = (
				82A69147262306B7002731C6 /* Base */,
			);
			name = LaunchScreen.storyboard;
			sourceTree = "<group>";
		};
/* End PBXVariantGroup section */

/* Begin XCBuildConfiguration section */
		82A6914A262306B7002731C6 /* Debug */ = {
			isa = XCBuildConfiguration;
			buildSettings = {
				ALWAYS_SEARCH_USER_PATHS = NO;
				CLANG_ANALYZER_NONNULL = YES;
				CLANG_ANALYZER_NUMBER_OBJECT_CONVERSION = YES_AGGRESSIVE;
				CLANG_CXX_LANGUAGE_STANDARD = "gnu++14";
				CLANG_CXX_LIBRARY = "libc++";
				CLANG_ENABLE_MODULES = YES;
				CLANG_ENABLE_OBJC_ARC = YES;
				CLANG_ENABLE_OBJC_WEAK = YES;
				CLANG_WARN_BLOCK_CAPTURE_AUTORELEASING = YES;
				CLANG_WARN_BOOL_CONVERSION = YES;
				CLANG_WARN_COMMA = YES;
				CLANG_WARN_CONSTANT_CONVERSION = YES;
				CLANG_WARN_DEPRECATED_OBJC_IMPLEMENTATIONS = YES;
				CLANG_WARN_DIRECT_OBJC_ISA_USAGE = YES_ERROR;
				CLANG_WARN_DOCUMENTATION_COMMENTS = YES;
				CLANG_WARN_EMPTY_BODY = YES;
				CLANG_WARN_ENUM_CONVERSION = YES;
				CLANG_WARN_INFINITE_RECURSION = YES;
				CLANG_WARN_INT_CONVERSION = YES;
				CLANG_WARN_NON_LITERAL_NULL_CONVERSION = YES;
				CLANG_WARN_OBJC_IMPLICIT_RETAIN_SELF = YES;
				CLANG_WARN_OBJC_LITERAL_CONVERSION = YES;
				CLANG_WARN_OBJC_ROOT_CLASS = YES_ERROR;
				CLANG_WARN_QUOTED_INCLUDE_IN_FRAMEWORK_HEADER = YES;
				CLANG_WARN_RANGE_LOOP_ANALYSIS = YES;
				CLANG_WARN_STRICT_PROTOTYPES = YES;
				CLANG_WARN_SUSPICIOUS_MOVE = YES;
				CLANG_WARN_UNGUARDED_AVAILABILITY = YES_AGGRESSIVE;
				CLANG_WARN_UNREACHABLE_CODE = YES;
				CLANG_WARN__DUPLICATE_METHOD_MATCH = YES;
				COPY_PHASE_STRIP = NO;
				DEBUG_INFORMATION_FORMAT = dwarf;
				ENABLE_STRICT_OBJC_MSGSEND = YES;
				ENABLE_TESTABILITY = YES;
				GCC_C_LANGUAGE_STANDARD = gnu11;
				GCC_DYNAMIC_NO_PIC = NO;
				GCC_NO_COMMON_BLOCKS = YES;
				GCC_OPTIMIZATION_LEVEL = 0;
				GCC_PREPROCESSOR_DEFINITIONS = (
					"DEBUG=1",
					"$(inherited)",
				);
				GCC_WARN_64_TO_32_BIT_CONVERSION = YES;
				GCC_WARN_ABOUT_RETURN_TYPE = YES_ERROR;
				GCC_WARN_UNDECLARED_SELECTOR = YES;
				GCC_WARN_UNINITIALIZED_AUTOS = YES_AGGRESSIVE;
				GCC_WARN_UNUSED_FUNCTION = YES;
				GCC_WARN_UNUSED_VARIABLE = YES;
				IPHONEOS_DEPLOYMENT_TARGET = 14.4;
				MTL_ENABLE_DEBUG_INFO = INCLUDE_SOURCE;
				MTL_FAST_MATH = YES;
				ONLY_ACTIVE_ARCH = YES;
				SDKROOT = iphoneos;
				SWIFT_ACTIVE_COMPILATION_CONDITIONS = DEBUG;
				SWIFT_OPTIMIZATION_LEVEL = "-Onone";
			};
			name = Debug;
		};
		82A6914B262306B7002731C6 /* Release */ = {
			isa = XCBuildConfiguration;
			buildSettings = {
				ALWAYS_SEARCH_USER_PATHS = NO;
				CLANG_ANALYZER_NONNULL = YES;
				CLANG_ANALYZER_NUMBER_OBJECT_CONVERSION = YES_AGGRESSIVE;
				CLANG_CXX_LANGUAGE_STANDARD = "gnu++14";
				CLANG_CXX_LIBRARY = "libc++";
				CLANG_ENABLE_MODULES = YES;
				CLANG_ENABLE_OBJC_ARC = YES;
				CLANG_ENABLE_OBJC_WEAK = YES;
				CLANG_WARN_BLOCK_CAPTURE_AUTORELEASING = YES;
				CLANG_WARN_BOOL_CONVERSION = YES;
				CLANG_WARN_COMMA = YES;
				CLANG_WARN_CONSTANT_CONVERSION = YES;
				CLANG_WARN_DEPRECATED_OBJC_IMPLEMENTATIONS = YES;
				CLANG_WARN_DIRECT_OBJC_ISA_USAGE = YES_ERROR;
				CLANG_WARN_DOCUMENTATION_COMMENTS = YES;
				CLANG_WARN_EMPTY_BODY = YES;
				CLANG_WARN_ENUM_CONVERSION = YES;
				CLANG_WARN_INFINITE_RECURSION = YES;
				CLANG_WARN_INT_CONVERSION = YES;
				CLANG_WARN_NON_LITERAL_NULL_CONVERSION = YES;
				CLANG_WARN_OBJC_IMPLICIT_RETAIN_SELF = YES;
				CLANG_WARN_OBJC_LITERAL_CONVERSION = YES;
				CLANG_WARN_OBJC_ROOT_CLASS = YES_ERROR;
				CLANG_WARN_QUOTED_INCLUDE_IN_FRAMEWORK_HEADER = YES;
				CLANG_WARN_RANGE_LOOP_ANALYSIS = YES;
				CLANG_WARN_STRICT_PROTOTYPES = YES;
				CLANG_WARN_SUSPICIOUS_MOVE = YES;
				CLANG_WARN_UNGUARDED_AVAILABILITY = YES_AGGRESSIVE;
				CLANG_WARN_UNREACHABLE_CODE = YES;
				CLANG_WARN__DUPLICATE_METHOD_MATCH = YES;
				COPY_PHASE_STRIP = NO;
				DEBUG_INFORMATION_FORMAT = "dwarf-with-dsym";
				ENABLE_NS_ASSERTIONS = NO;
				ENABLE_STRICT_OBJC_MSGSEND = YES;
				GCC_C_LANGUAGE_STANDARD = gnu11;
				GCC_NO_COMMON_BLOCKS = YES;
				GCC_WARN_64_TO_32_BIT_CONVERSION = YES;
				GCC_WARN_ABOUT_RETURN_TYPE = YES_ERROR;
				GCC_WARN_UNDECLARED_SELECTOR = YES;
				GCC_WARN_UNINITIALIZED_AUTOS = YES_AGGRESSIVE;
				GCC_WARN_UNUSED_FUNCTION = YES;
				GCC_WARN_UNUSED_VARIABLE = YES;
				IPHONEOS_DEPLOYMENT_TARGET = 14.4;
				MTL_ENABLE_DEBUG_INFO = NO;
				MTL_FAST_MATH = YES;
				SDKROOT = iphoneos;
				SWIFT_COMPILATION_MODE = wholemodule;
				SWIFT_OPTIMIZATION_LEVEL = "-O";
				VALIDATE_PRODUCT = YES;
			};
			name = Release;
		};
		82A6914D262306B7002731C6 /* Debug */ = {
			isa = XCBuildConfiguration;
			baseConfigurationReference = C875684EC4F25B216460F080 /* Pods-TravelWise.debug.xcconfig */;
			buildSettings = {
				ASSETCATALOG_COMPILER_APPICON_NAME = AppIcon;
				ASSETCATALOG_COMPILER_GLOBAL_ACCENT_COLOR_NAME = AccentColor;
				BUILD_LIBRARY_FOR_DISTRIBUTION = YES;
				CODE_SIGN_STYLE = Automatic;
				DEVELOPMENT_TEAM = 9ZP8Y2N3HH;
				INFOPLIST_FILE = TravelWise/Info.plist;
				LD_RUNPATH_SEARCH_PATHS = (
					"$(inherited)",
					"@executable_path/Frameworks",
				);
				PRODUCT_BUNDLE_IDENTIFIER = com.travelwise;
				PRODUCT_NAME = "$(TARGET_NAME)";
				SWIFT_VERSION = 5.0;
				TARGETED_DEVICE_FAMILY = 1;
			};
			name = Debug;
		};
		82A6914E262306B7002731C6 /* Release */ = {
			isa = XCBuildConfiguration;
			baseConfigurationReference = 83357BB699C047E184DE3516 /* Pods-TravelWise.release.xcconfig */;
			buildSettings = {
				ASSETCATALOG_COMPILER_APPICON_NAME = AppIcon;
				ASSETCATALOG_COMPILER_GLOBAL_ACCENT_COLOR_NAME = AccentColor;
				BUILD_LIBRARY_FOR_DISTRIBUTION = YES;
				CODE_SIGN_STYLE = Automatic;
				DEVELOPMENT_TEAM = 9ZP8Y2N3HH;
				INFOPLIST_FILE = TravelWise/Info.plist;
				LD_RUNPATH_SEARCH_PATHS = (
					"$(inherited)",
					"@executable_path/Frameworks",
				);
				PRODUCT_BUNDLE_IDENTIFIER = com.travelwise;
				PRODUCT_NAME = "$(TARGET_NAME)";
				SWIFT_VERSION = 5.0;
				TARGETED_DEVICE_FAMILY = 1;
			};
			name = Release;
		};
/* End XCBuildConfiguration section */

/* Begin XCConfigurationList section */
		82A69133262306B5002731C6 /* Build configuration list for PBXProject "TravelWise" */ = {
			isa = XCConfigurationList;
			buildConfigurations = (
				82A6914A262306B7002731C6 /* Debug */,
				82A6914B262306B7002731C6 /* Release */,
			);
			defaultConfigurationIsVisible = 0;
			defaultConfigurationName = Release;
		};
		82A6914C262306B7002731C6 /* Build configuration list for PBXNativeTarget "TravelWise" */ = {
			isa = XCConfigurationList;
			buildConfigurations = (
				82A6914D262306B7002731C6 /* Debug */,
				82A6914E262306B7002731C6 /* Release */,
			);
			defaultConfigurationIsVisible = 0;
			defaultConfigurationName = Release;
		};
/* End XCConfigurationList section */
	};
	rootObject = 82A69130262306B5002731C6 /* Project object */;
}
